// !$*UTF8*$!
{
	archiveVersion = 1;
	classes = {
	};
	objectVersion = 50;
	objects = {

/* Begin PBXBuildFile section */
		047F3FA2248E02FF00249F9D /* AppDelegate.swift in Sources */ = {isa = PBXBuildFile; fileRef = 047F3FA1248E02FF00249F9D /* AppDelegate.swift */; };
		047F3FA4248E02FF00249F9D /* SceneDelegate.swift in Sources */ = {isa = PBXBuildFile; fileRef = 047F3FA3248E02FF00249F9D /* SceneDelegate.swift */; };
		047F3FA6248E02FF00249F9D /* ContentView.swift in Sources */ = {isa = PBXBuildFile; fileRef = 047F3FA5248E02FF00249F9D /* ContentView.swift */; };
		047F3FA8248E02FF00249F9D /* Assets.xcassets in Resources */ = {isa = PBXBuildFile; fileRef = 047F3FA7248E02FF00249F9D /* Assets.xcassets */; };
		047F3FAB248E02FF00249F9D /* Preview Assets.xcassets in Resources */ = {isa = PBXBuildFile; fileRef = 047F3FAA248E02FF00249F9D /* Preview Assets.xcassets */; };
		047F3FAE248E02FF00249F9D /* LaunchScreen.storyboard in Resources */ = {isa = PBXBuildFile; fileRef = 047F3FAC248E02FF00249F9D /* LaunchScreen.storyboard */; };
		047F3FB7248E032700249F9D /* DetailView.swift in Sources */ = {isa = PBXBuildFile; fileRef = 047F3FB6248E032700249F9D /* DetailView.swift */; };
		047F3FBA248E034B00249F9D /* NetworkManager.swift in Sources */ = {isa = PBXBuildFile; fileRef = 047F3FB9248E034B00249F9D /* NetworkManager.swift */; };
		047F3FBC248E035200249F9D /* PostData.swift in Sources */ = {isa = PBXBuildFile; fileRef = 047F3FBB248E035200249F9D /* PostData.swift */; };
/* End PBXBuildFile section */

/* Begin PBXFileReference section */
		047F3F9E248E02FF00249F9D /* HekerNews.app */ = {isa = PBXFileReference; explicitFileType = wrapper.application; includeInIndex = 0; path = HekerNews.app; sourceTree = BUILT_PRODUCTS_DIR; };
		047F3FA1248E02FF00249F9D /* AppDelegate.swift */ = {isa = PBXFileReference; lastKnownFileType = sourcecode.swift; path = AppDelegate.swift; sourceTree = "<group>"; };
		047F3FA3248E02FF00249F9D /* SceneDelegate.swift */ = {isa = PBXFileReference; lastKnownFileType = sourcecode.swift; path = SceneDelegate.swift; sourceTree = "<group>"; };
		047F3FA5248E02FF00249F9D /* ContentView.swift */ = {isa = PBXFileReference; lastKnownFileType = sourcecode.swift; path = ContentView.swift; sourceTree = "<group>"; };
		047F3FA7248E02FF00249F9D /* Assets.xcassets */ = {isa = PBXFileReference; lastKnownFileType = folder.assetcatalog; path = Assets.xcassets; sourceTree = "<group>"; };
		047F3FAA248E02FF00249F9D /* Preview Assets.xcassets */ = {isa = PBXFileReference; lastKnownFileType = folder.assetcatalog; path = "Preview Assets.xcassets"; sourceTree = "<group>"; };
		047F3FAD248E02FF00249F9D /* Base */ = {isa = PBXFileReference; lastKnownFileType = file.storyboard; name = Base; path = Base.lproj/LaunchScreen.storyboard; sourceTree = "<group>"; };
		047F3FAF248E02FF00249F9D /* Info.plist */ = {isa = PBXFileReference; lastKnownFileType = text.plist.xml; path = Info.plist; sourceTree = "<group>"; };
		047F3FB6248E032700249F9D /* DetailView.swift */ = {isa = PBXFileReference; lastKnownFileType = sourcecode.swift; path = DetailView.swift; sourceTree = "<group>"; };
		047F3FB9248E034B00249F9D /* NetworkManager.swift */ = {isa = PBXFileReference; lastKnownFileType = sourcecode.swift; path = NetworkManager.swift; sourceTree = "<group>"; };
		047F3FBB248E035200249F9D /* PostData.swift */ = {isa = PBXFileReference; lastKnownFileType = sourcecode.swift; path = PostData.swift; sourceTree = "<group>"; };
		0481FCB5248E3649008BABE7 /* HekerNews.entitlements */ = {isa = PBXFileReference; lastKnownFileType = text.plist.entitlements; path = HekerNews.entitlements; sourceTree = "<group>"; };
/* End PBXFileReference section */

/* Begin PBXFrameworksBuildPhase section */
		047F3F9B248E02FF00249F9D /* Frameworks */ = {
			isa = PBXFrameworksBuildPhase;
			buildActionMask = 2147483647;
			files = (
			);
			runOnlyForDeploymentPostprocessing = 0;
		};
/* End PBXFrameworksBuildPhase section */

/* Begin PBXGroup section */
		047F3F95248E02FF00249F9D = {
			isa = PBXGroup;
			children = (
				047F3FA0248E02FF00249F9D /* HekerNews */,
				047F3F9F248E02FF00249F9D /* Products */,
			);
			sourceTree = "<group>";
		};
		047F3F9F248E02FF00249F9D /* Products */ = {
			isa = PBXGroup;
			children = (
				047F3F9E248E02FF00249F9D /* HekerNews.app */,
			);
			name = Products;
			sourceTree = "<group>";
		};
		047F3FA0248E02FF00249F9D /* HekerNews */ = {
			isa = PBXGroup;
			children = (
				0481FCB5248E3649008BABE7 /* HekerNews.entitlements */,
				047F3FA1248E02FF00249F9D /* AppDelegate.swift */,
				047F3FA3248E02FF00249F9D /* SceneDelegate.swift */,
				047F3FB8248E032B00249F9D /* Models */,
				047F3FB5248E031900249F9D /* Views */,
				047F3FA7248E02FF00249F9D /* Assets.xcassets */,
				047F3FAC248E02FF00249F9D /* LaunchScreen.storyboard */,
				047F3FAF248E02FF00249F9D /* Info.plist */,
				047F3FA9248E02FF00249F9D /* Preview Content */,
			);
			path = HekerNews;
			sourceTree = "<group>";
		};
		047F3FA9248E02FF00249F9D /* Preview Content */ = {
			isa = PBXGroup;
			children = (
				047F3FAA248E02FF00249F9D /* Preview Assets.xcassets */,
			);
			path = "Preview Content";
			sourceTree = "<group>";
		};
		047F3FB5248E031900249F9D /* Views */ = {
			isa = PBXGroup;
			children = (
				047F3FA5248E02FF00249F9D /* ContentView.swift */,
				047F3FB6248E032700249F9D /* DetailView.swift */,
			);
			path = Views;
			sourceTree = "<group>";
		};
		047F3FB8248E032B00249F9D /* Models */ = {
			isa = PBXGroup;
			children = (
				047F3FB9248E034B00249F9D /* NetworkManager.swift */,
				047F3FBB248E035200249F9D /* PostData.swift */,
			);
			path = Models;
			sourceTree = "<group>";
		};
/* End PBXGroup section */

/* Begin PBXNativeTarget section */
		047F3F9D248E02FF00249F9D /* HekerNews */ = {
			isa = PBXNativeTarget;
			buildConfigurationList = 047F3FB2248E02FF00249F9D /* Build configuration list for PBXNativeTarget "HekerNews" */;
			buildPhases = (
				047F3F9A248E02FF00249F9D /* Sources */,
				047F3F9B248E02FF00249F9D /* Frameworks */,
				047F3F9C248E02FF00249F9D /* Resources */,
			);
			buildRules = (
			);
			dependencies = (
			);
			name = HekerNews;
			productName = HekerNews;
			productReference = 047F3F9E248E02FF00249F9D /* HekerNews.app */;
			productType = "com.apple.product-type.application";
		};
/* End PBXNativeTarget section */

/* Begin PBXProject section */
		047F3F96248E02FF00249F9D /* Project object */ = {
			isa = PBXProject;
			attributes = {
				LastSwiftUpdateCheck = 1150;
				LastUpgradeCheck = 1150;
				ORGANIZATIONNAME = pstw._;
				TargetAttributes = {
					047F3F9D248E02FF00249F9D = {
						CreatedOnToolsVersion = 11.5;
					};
				};
			};
			buildConfigurationList = 047F3F99248E02FF00249F9D /* Build configuration list for PBXProject "HekerNews" */;
			compatibilityVersion = "Xcode 9.3";
			developmentRegion = en;
			hasScannedForEncodings = 0;
			knownRegions = (
				en,
				Base,
			);
			mainGroup = 047F3F95248E02FF00249F9D;
			productRefGroup = 047F3F9F248E02FF00249F9D /* Products */;
			projectDirPath = "";
			projectRoot = "";
			targets = (
				047F3F9D248E02FF00249F9D /* HekerNews */,
			);
		};
/* End PBXProject section */

/* Begin PBXResourcesBuildPhase section */
		047F3F9C248E02FF00249F9D /* Resources */ = {
			isa = PBXResourcesBuildPhase;
			buildActionMask = 2147483647;
			files = (
				047F3FAE248E02FF00249F9D /* LaunchScreen.storyboard in Resources */,
				047F3FAB248E02FF00249F9D /* Preview Assets.xcassets in Resources */,
				047F3FA8248E02FF00249F9D /* Assets.xcassets in Resources */,
			);
			runOnlyForDeploymentPostprocessing = 0;
		};
/* End PBXResourcesBuildPhase section */

/* Begin PBXSourcesBuildPhase section */
		047F3F9A248E02FF00249F9D /* Sources */ = {
			isa = PBXSourcesBuildPhase;
			buildActionMask = 2147483647;
			files = (
				047F3FA2248E02FF00249F9D /* AppDelegate.swift in Sources */,
				047F3FBC248E035200249F9D /* PostData.swift in Sources */,
				047F3FB7248E032700249F9D /* DetailView.swift in Sources */,
				047F3FBA248E034B00249F9D /* NetworkManager.swift in Sources */,
				047F3FA4248E02FF00249F9D /* SceneDelegate.swift in Sources */,
				047F3FA6248E02FF00249F9D /* ContentView.swift in Sources */,
			);
			runOnlyForDeploymentPostprocessing = 0;
		};
/* End PBXSourcesBuildPhase section */

/* Begin PBXVariantGroup section */
		047F3FAC248E02FF00249F9D /* LaunchScreen.storyboard */ = {
			isa = PBXVariantGroup;
			children = (
				047F3FAD248E02FF00249F9D /* Base */,
			);
			name = LaunchScreen.storyboard;
			sourceTree = "<group>";
		};
/* End PBXVariantGroup section */

/* Begin XCBuildConfiguration section */
		047F3FB0248E02FF00249F9D /* Debug */ = {
			isa = XCBuildConfiguration;
			buildSettings = {
				ALWAYS_SEARCH_USER_PATHS = NO;
				CLANG_ANALYZER_NONNULL = YES;
				CLANG_ANALYZER_NUMBER_OBJECT_CONVERSION = YES_AGGRESSIVE;
				CLANG_CXX_LANGUAGE_STANDARD = "gnu++14";
				CLANG_CXX_LIBRARY = "libc++";
				CLANG_ENABLE_MODULES = YES;
				CLANG_ENABLE_OBJC_ARC = YES;
				CLANG_ENABLE_OBJC_WEAK = YES;
				CLANG_WARN_BLOCK_CAPTURE_AUTORELEASING = YES;
				CLANG_WARN_BOOL_CONVERSION = YES;
				CLANG_WARN_COMMA = YES;
				CLANG_WARN_CONSTANT_CONVERSION = YES;
				CLANG_WARN_DEPRECATED_OBJC_IMPLEMENTATIONS = YES;
				CLANG_WARN_DIRECT_OBJC_ISA_USAGE = YES_ERROR;
				CLANG_WARN_DOCUMENTATION_COMMENTS = YES;
				CLANG_WARN_EMPTY_BODY = YES;
				CLANG_WARN_ENUM_CONVERSION = YES;
				CLANG_WARN_INFINITE_RECURSION = YES;
				CLANG_WARN_INT_CONVERSION = YES;
				CLANG_WARN_NON_LITERAL_NULL_CONVERSION = YES;
				CLANG_WARN_OBJC_IMPLICIT_RETAIN_SELF = YES;
				CLANG_WARN_OBJC_LITERAL_CONVERSION = YES;
				CLANG_WARN_OBJC_ROOT_CLASS = YES_ERROR;
				CLANG_WARN_RANGE_LOOP_ANALYSIS = YES;
				CLANG_WARN_STRICT_PROTOTYPES = YES;
				CLANG_WARN_SUSPICIOUS_MOVE = YES;
				CLANG_WARN_UNGUARDED_AVAILABILITY = YES_AGGRESSIVE;
				CLANG_WARN_UNREACHABLE_CODE = YES;
				CLANG_WARN__DUPLICATE_METHOD_MATCH = YES;
				COPY_PHASE_STRIP = NO;
				DEBUG_INFORMATION_FORMAT = dwarf;
				ENABLE_STRICT_OBJC_MSGSEND = YES;
				ENABLE_TESTABILITY = YES;
				GCC_C_LANGUAGE_STANDARD = gnu11;
				GCC_DYNAMIC_NO_PIC = NO;
				GCC_NO_COMMON_BLOCKS = YES;
				GCC_OPTIMIZATION_LEVEL = 0;
				GCC_PREPROCESSOR_DEFINITIONS = (
					"DEBUG=1",
					"$(inherited)",
				);
				GCC_WARN_64_TO_32_BIT_CONVERSION = YES;
				GCC_WARN_ABOUT_RETURN_TYPE = YES_ERROR;
				GCC_WARN_UNDECLARED_SELECTOR = YES;
				GCC_WARN_UNINITIALIZED_AUTOS = YES_AGGRESSIVE;
				GCC_WARN_UNUSED_FUNCTION = YES;
				GCC_WARN_UNUSED_VARIABLE = YES;
				IPHONEOS_DEPLOYMENT_TARGET = 13.5;
				MTL_ENABLE_DEBUG_INFO = INCLUDE_SOURCE;
				MTL_FAST_MATH = YES;
				ONLY_ACTIVE_ARCH = YES;
				SDKROOT = iphoneos;
				SWIFT_ACTIVE_COMPILATION_CONDITIONS = DEBUG;
				SWIFT_OPTIMIZATION_LEVEL = "-Onone";
			};
			name = Debug;
		};
		047F3FB1248E02FF00249F9D /* Release */ = {
			isa = XCBuildConfiguration;
			buildSettings = {
				ALWAYS_SEARCH_USER_PATHS = NO;
				CLANG_ANALYZER_NONNULL = YES;
				CLANG_ANALYZER_NUMBER_OBJECT_CONVERSION = YES_AGGRESSIVE;
				CLANG_CXX_LANGUAGE_STANDARD = "gnu++14";
				CLANG_CXX_LIBRARY = "libc++";
				CLANG_ENABLE_MODULES = YES;
				CLANG_ENABLE_OBJC_ARC = YES;
				CLANG_ENABLE_OBJC_WEAK = YES;
				CLANG_WARN_BLOCK_CAPTURE_AUTORELEASING = YES;
				CLANG_WARN_BOOL_CONVERSION = YES;
				CLANG_WARN_COMMA = YES;
				CLANG_WARN_CONSTANT_CONVERSION = YES;
				CLANG_WARN_DEPRECATED_OBJC_IMPLEMENTATIONS = YES;
				CLANG_WARN_DIRECT_OBJC_ISA_USAGE = YES_ERROR;
				CLANG_WARN_DOCUMENTATION_COMMENTS = YES;
				CLANG_WARN_EMPTY_BODY = YES;
				CLANG_WARN_ENUM_CONVERSION = YES;
				CLANG_WARN_INFINITE_RECURSION = YES;
				CLANG_WARN_INT_CONVERSION = YES;
				CLANG_WARN_NON_LITERAL_NULL_CONVERSION = YES;
				CLANG_WARN_OBJC_IMPLICIT_RETAIN_SELF = YES;
				CLANG_WARN_OBJC_LITERAL_CONVERSION = YES;
				CLANG_WARN_OBJC_ROOT_CLASS = YES_ERROR;
				CLANG_WARN_RANGE_LOOP_ANALYSIS = YES;
				CLANG_WARN_STRICT_PROTOTYPES = YES;
				CLANG_WARN_SUSPICIOUS_MOVE = YES;
				CLANG_WARN_UNGUARDED_AVAILABILITY = YES_AGGRESSIVE;
				CLANG_WARN_UNREACHABLE_CODE = YES;
				CLANG_WARN__DUPLICATE_METHOD_MATCH = YES;
				COPY_PHASE_STRIP = NO;
				DEBUG_INFORMATION_FORMAT = "dwarf-with-dsym";
				ENABLE_NS_ASSERTIONS = NO;
				ENABLE_STRICT_OBJC_MSGSEND = YES;
				GCC_C_LANGUAGE_STANDARD = gnu11;
				GCC_NO_COMMON_BLOCKS = YES;
				GCC_WARN_64_TO_32_BIT_CONVERSION = YES;
				GCC_WARN_ABOUT_RETURN_TYPE = YES_ERROR;
				GCC_WARN_UNDECLARED_SELECTOR = YES;
				GCC_WARN_UNINITIALIZED_AUTOS = YES_AGGRESSIVE;
				GCC_WARN_UNUSED_FUNCTION = YES;
				GCC_WARN_UNUSED_VARIABLE = YES;
				IPHONEOS_DEPLOYMENT_TARGET = 13.5;
				MTL_ENABLE_DEBUG_INFO = NO;
				MTL_FAST_MATH = YES;
				SDKROOT = iphoneos;
				SWIFT_COMPILATION_MODE = wholemodule;
				SWIFT_OPTIMIZATION_LEVEL = "-O";
				VALIDATE_PRODUCT = YES;
			};
			name = Release;
		};
		047F3FB3248E02FF00249F9D /* Debug */ = {
			isa = XCBuildConfiguration;
			buildSettings = {
				ASSETCATALOG_COMPILER_APPICON_NAME = AppIcon;
				CODE_SIGN_ENTITLEMENTS = HekerNews/HekerNews.entitlements;
				CODE_SIGN_IDENTITY = "Apple Development";
				"CODE_SIGN_IDENTITY[sdk=macosx*]" = "Apple Development";
				CODE_SIGN_STYLE = Automatic;
				DEVELOPMENT_ASSET_PATHS = "\"HekerNews/Preview Content\"";
				DEVELOPMENT_TEAM = SWR83G7DDM;
				ENABLE_PREVIEWS = YES;
				INFOPLIST_FILE = HekerNews/Info.plist;
				LD_RUNPATH_SEARCH_PATHS = (
					"$(inherited)",
					"@executable_path/Frameworks",
				);
				PRODUCT_BUNDLE_IDENTIFIER = com.addindev.HekerNews;
				PRODUCT_NAME = "$(TARGET_NAME)";
				PROVISIONING_PROFILE_SPECIFIER = "";
				"PROVISIONING_PROFILE_SPECIFIER[sdk=macosx*]" = "";
				SUPPORTS_MACCATALYST = YES;
				SWIFT_VERSION = 5.0;
				TARGETED_DEVICE_FAMILY = "1,2";
			};
			name = Debug;
		};
		047F3FB4248E02FF00249F9D /* Release */ = {
			isa = XCBuildConfiguration;
			buildSettings = {
				ASSETCATALOG_COMPILER_APPICON_NAME = AppIcon;
				CODE_SIGN_ENTITLEMENTS = HekerNews/HekerNews.entitlements;
				"CODE_SIGN_IDENTITY[sdk=macosx*]" = "-";
				CODE_SIGN_STYLE = Automatic;
				DEVELOPMENT_ASSET_PATHS = "\"HekerNews/Preview Content\"";
				DEVELOPMENT_TEAM = SWR83G7DDM;
				ENABLE_PREVIEWS = YES;
				INFOPLIST_FILE = HekerNews/Info.plist;
				LD_RUNPATH_SEARCH_PATHS = (
					"$(inherited)",
					"@executable_path/Frameworks",
				);
				PRODUCT_BUNDLE_IDENTIFIER = com.addindev.HekerNews;
				PRODUCT_NAME = "$(TARGET_NAME)";
				SUPPORTS_MACCATALYST = YES;
				SWIFT_VERSION = 5.0;
				TARGETED_DEVICE_FAMILY = "1,2";
			};
			name = Release;
		};
/* End XCBuildConfiguration section */

/* Begin XCConfigurationList section */
		047F3F99248E02FF00249F9D /* Build configuration list for PBXProject "HekerNews" */ = {
			isa = XCConfigurationList;
			buildConfigurations = (
				047F3FB0248E02FF00249F9D /* Debug */,
				047F3FB1248E02FF00249F9D /* Release */,
			);
			defaultConfigurationIsVisible = 0;
			defaultConfigurationName = Release;
		};
		047F3FB2248E02FF00249F9D /* Build configuration list for PBXNativeTarget "HekerNews" */ = {
			isa = XCConfigurationList;
			buildConfigurations = (
				047F3FB3248E02FF00249F9D /* Debug */,
				047F3FB4248E02FF00249F9D /* Release */,
			);
			defaultConfigurationIsVisible = 0;
			defaultConfigurationName = Release;
		};
/* End XCConfigurationList section */
	};
	rootObject = 047F3F96248E02FF00249F9D /* Project object */;
}
